
Microsoft Visual Studio Solution File, Format Version 11.00
# Visual Studio 2010
Project("{FAE04EC0-301F-11D3-BF4B-00C04F79EFBC}") = "Indexr.Data", "Indexr.Data\Indexr.Data.csproj", "{4ED3D11F-421A-4209-A9AE-A4CF012D5EBF}"
EndProject
Project("{FAE04EC0-301F-11D3-BF4B-00C04F79EFBC}") = "Indexr.Domain", "Indexr.Domain\Indexr.Domain.csproj", "{AD539C72-6C6B-41DE-BD2E-CD5ECB29C064}"
EndProject
Project("{FAE04EC0-301F-11D3-BF4B-00C04F79EFBC}") = "Indexr.Service", "Indexr.Service\Indexr.Service.csproj", "{D5EBE940-B1BC-4F34-9431-52A786A29902}"
EndProject
Project("{FAE04EC0-301F-11D3-BF4B-00C04F79EFBC}") = "Indexr.Core", "Indexr.Core\Indexr.Core.csproj", "{26D169C2-28B3-4933-8A65-3C01CF187894}"
EndProject
Project("{FAE04EC0-301F-11D3-BF4B-00C04F79EFBC}") = "Indexr.Web", "Indexr.Web\Indexr.Web.csproj", "{A842035A-8640-4A9E-AE26-2D24489D763A}"
EndProject
Project("{FAE04EC0-301F-11D3-BF4B-00C04F79EFBC}") = "Indexr.Web.Tests", "Indexr.Web.Tests\Indexr.Web.Tests.csproj", "{1DD9A4E4-60DA-429C-ACCF-B22EF720D114}"
EndProject
Global
	GlobalSection(SolutionConfigurationPlatforms) = preSolution
		Debug|Any CPU = Debug|Any CPU
		Release|Any CPU = Release|Any CPU
	EndGlobalSection
	GlobalSection(ProjectConfigurationPlatforms) = postSolution
		{4ED3D11F-421A-4209-A9AE-A4CF012D5EBF}.Debug|Any CPU.ActiveCfg = Debug|Any CPU
		{4ED3D11F-421A-4209-A9AE-A4CF012D5EBF}.Debug|Any CPU.Build.0 = Debug|Any CPU
		{4ED3D11F-421A-4209-A9AE-A4CF012D5EBF}.Release|Any CPU.ActiveCfg = Release|Any CPU
		{4ED3D11F-421A-4209-A9AE-A4CF012D5EBF}.Release|Any CPU.Build.0 = Release|Any CPU
		{AD539C72-6C6B-41DE-BD2E-CD5ECB29C064}.Debug|Any CPU.ActiveCfg = Debug|Any CPU
		{AD539C72-6C6B-41DE-BD2E-CD5ECB29C064}.Debug|Any CPU.Build.0 = Debug|Any CPU
		{AD539C72-6C6B-41DE-BD2E-CD5ECB29C064}.Release|Any CPU.ActiveCfg = Release|Any CPU
		{AD539C72-6C6B-41DE-BD2E-CD5ECB29C064}.Release|Any CPU.Build.0 = Release|Any CPU
		{D5EBE940-B1BC-4F34-9431-52A786A29902}.Debug|Any CPU.ActiveCfg = Debug|Any CPU
		{D5EBE940-B1BC-4F34-9431-52A786A29902}.Debug|Any CPU.Build.0 = Debug|Any CPU
		{D5EBE940-B1BC-4F34-9431-52A786A29902}.Release|Any CPU.ActiveCfg = Release|Any CPU
		{D5EBE940-B1BC-4F34-9431-52A786A29902}.Release|Any CPU.Build.0 = Release|Any CPU
		{26D169C2-28B3-4933-8A65-3C01CF187894}.Debug|Any CPU.ActiveCfg = Debug|Any CPU
		{26D169C2-28B3-4933-8A65-3C01CF187894}.Debug|Any CPU.Build.0 = Debug|Any CPU
		{26D169C2-28B3-4933-8A65-3C01CF187894}.Release|Any CPU.ActiveCfg = Release|Any CPU
		{26D169C2-28B3-4933-8A65-3C01CF187894}.Release|Any CPU.Build.0 = Release|Any CPU
		{A842035A-8640-4A9E-AE26-2D24489D763A}.Debug|Any CPU.ActiveCfg = Debug|Any CPU
		{A842035A-8640-4A9E-AE26-2D24489D763A}.Debug|Any CPU.Build.0 = Debug|Any CPU
		{A842035A-8640-4A9E-AE26-2D24489D763A}.Release|Any CPU.ActiveCfg = Release|Any CPU
		{A842035A-8640-4A9E-AE26-2D24489D763A}.Release|Any CPU.Build.0 = Release|Any CPU
		{1DD9A4E4-60DA-429C-ACCF-B22EF720D114}.Debug|Any CPU.ActiveCfg = Debug|Any CPU
		{1DD9A4E4-60DA-429C-ACCF-B22EF720D114}.Debug|Any CPU.Build.0 = Debug|Any CPU
		{1DD9A4E4-60DA-429C-ACCF-B22EF720D114}.Release|Any CPU.ActiveCfg = Release|Any CPU
		{1DD9A4E4-60DA-429C-ACCF-B22EF720D114}.Release|Any CPU.Build.0 = Release|Any CPU
	EndGlobalSection
	GlobalSection(SolutionProperties) = preSolution
		HideSolutionNode = FALSE
	EndGlobalSection
EndGlobal
